PODS:
  - React (0.59.10):
    - React/Core (= 0.59.10)
  - React/Core (0.59.10):
    - yoga (= 0.59.10.React)
  - RNImageTools (1.5.6):
    - React
  - yoga (0.59.10.React)

DEPENDENCIES:
  - React (from `../node_modules/react-native`)
  - RNImageTools (from `../../RNImageTools.podspec`)
  - yoga (from `../node_modules/react-native/ReactCommon/yoga`)

EXTERNAL SOURCES:
  React:
    :path: "../node_modules/react-native"
  RNImageTools:
    :path: "../../RNImageTools.podspec"
  yoga:
    :path: "../node_modules/react-native/ReactCommon/yoga"

SPEC CHECKSUMS:
  React: 36d0768f9e93be2473b37e7fa64f92c1d5341eef
  RNImageTools: cdf1c3d8ec14146a68629c208cec1a99d50ac37e
  yoga: 684513b14b03201579ba3cee20218c9d1298b0cc

PODFILE CHECKSUM: 61fedfff81b829088bc81c766b2aafa4a68aef94

COCOAPODS: 1.7.5
